
Microsoft Visual Studio Solution File, Format Version 10.00
# Visual C# Express 2008
Project("{FAE04EC0-301F-11D3-BF4B-00C04F79EFBC}") = "streams yy", "streams yy\streams yy.csproj", "{B9E07558-0B1E-45C2-8453-AAC456D8B8F6}"
EndProject
Global
	GlobalSection(SolutionConfigurationPlatforms) = preSolution
		Debug|Any CPU = Debug|Any CPU
		Release|Any CPU = Release|Any CPU
	EndGlobalSection
	GlobalSection(ProjectConfigurationPlatforms) = postSolution
		{B9E07558-0B1E-45C2-8453-AAC456D8B8F6}.Debug|Any CPU.ActiveCfg = Debug|Any CPU
		{B9E07558-0B1E-45C2-8453-AAC456D8B8F6}.Debug|Any CPU.Build.0 = Debug|Any CPU
		{B9E07558-0B1E-45C2-8453-AAC456D8B8F6}.Release|Any CPU.ActiveCfg = Release|Any CPU
		{B9E07558-0B1E-45C2-8453-AAC456D8B8F6}.Release|Any CPU.Build.0 = Release|Any CPU
	EndGlobalSection
	GlobalSection(SolutionProperties) = preSolution
		HideSolutionNode = FALSE
	EndGlobalSection
EndGlobal
